PODS:
  - Freddy (3.0.3)
  - MindV (1.0.0)

DEPENDENCIES:
  - Freddy
  - MindV (from `https://github.com/pakidanish/MindV.git`, tag `1.0.9`)

SPEC REPOS:
  https://github.com/cocoapods/specs.git:
    - Freddy

EXTERNAL SOURCES:
  MindV:
    :git: https://github.com/pakidanish/MindV.git
    :tag: 1.0.9

CHECKOUT OPTIONS:
  MindV:
    :git: https://github.com/pakidanish/MindV.git
    :tag: 1.0.9

SPEC CHECKSUMS:
  Freddy: 7c62db262a0d0e3b3e2b8b40f2c0cc51e122fbc4
  MindV: 2c20dbe7aa84a7b25ac7e46da885c752baaf66c2

PODFILE CHECKSUM: d5580ee4e363af879650337952457e290aabfb51

COCOAPODS: 1.5.3
